
Microsoft Visual Studio Solution File, Format Version 12.00
# Visual Studio Version 17
VisualStudioVersion = 17.5.33627.172
MinimumVisualStudioVersion = 10.0.40219.1
Project("{FAE04EC0-301F-11D3-BF4B-00C04F79EFBC}") = "FastCode.Backend", "FastCode.Backend\FastCode.Backend.csproj", "{2B839088-B0D8-4BE2-BA60-96E108642D1A}"
EndProject
Project("{FAE04EC0-301F-11D3-BF4B-00C04F79EFBC}") = "FastCode.Backend.Core", "FastCode.Backend.Core\FastCode.Backend.Core.csproj", "{5A71E81F-0AC2-4EAD-8CCF-A1176E6640C6}"
EndProject
Project("{FAE04EC0-301F-11D3-BF4B-00C04F79EFBC}") = "FastCode.Backend.Infrastructure", "FastCode.Backend.Infrastructure\FastCode.Backend.Infrastructure.csproj", "{1AFF5589-8E58-4DDD-A6DE-DCFE6F6624C5}"
EndProject
Global
	GlobalSection(SolutionConfigurationPlatforms) = preSolution
		Debug|Any CPU = Debug|Any CPU
		Release|Any CPU = Release|Any CPU
	EndGlobalSection
	GlobalSection(ProjectConfigurationPlatforms) = postSolution
		{2B839088-B0D8-4BE2-BA60-96E108642D1A}.Debug|Any CPU.ActiveCfg = Debug|Any CPU
		{2B839088-B0D8-4BE2-BA60-96E108642D1A}.Debug|Any CPU.Build.0 = Debug|Any CPU
		{2B839088-B0D8-4BE2-BA60-96E108642D1A}.Release|Any CPU.ActiveCfg = Release|Any CPU
		{2B839088-B0D8-4BE2-BA60-96E108642D1A}.Release|Any CPU.Build.0 = Release|Any CPU
		{5A71E81F-0AC2-4EAD-8CCF-A1176E6640C6}.Debug|Any CPU.ActiveCfg = Debug|Any CPU
		{5A71E81F-0AC2-4EAD-8CCF-A1176E6640C6}.Debug|Any CPU.Build.0 = Debug|Any CPU
		{5A71E81F-0AC2-4EAD-8CCF-A1176E6640C6}.Release|Any CPU.ActiveCfg = Release|Any CPU
		{5A71E81F-0AC2-4EAD-8CCF-A1176E6640C6}.Release|Any CPU.Build.0 = Release|Any CPU
		{1AFF5589-8E58-4DDD-A6DE-DCFE6F6624C5}.Debug|Any CPU.ActiveCfg = Debug|Any CPU
		{1AFF5589-8E58-4DDD-A6DE-DCFE6F6624C5}.Debug|Any CPU.Build.0 = Debug|Any CPU
		{1AFF5589-8E58-4DDD-A6DE-DCFE6F6624C5}.Release|Any CPU.ActiveCfg = Release|Any CPU
		{1AFF5589-8E58-4DDD-A6DE-DCFE6F6624C5}.Release|Any CPU.Build.0 = Release|Any CPU
	EndGlobalSection
	GlobalSection(SolutionProperties) = preSolution
		HideSolutionNode = FALSE
	EndGlobalSection
	GlobalSection(ExtensibilityGlobals) = postSolution
		SolutionGuid = {B6749B1C-01EA-4C43-BAA3-AEDD9E249C34}
	EndGlobalSection
EndGlobal
